
Microsoft Visual Studio Solution File, Format Version 12.00
# Visual Studio 15
VisualStudioVersion = 15.0.27428.2002
MinimumVisualStudioVersion = 10.0.40219.1
Project("{FAE04EC0-301F-11D3-BF4B-00C04F79EFBC}") = "WeatherFC", "WeatherFC\WeatherFC.csproj", "{52B81F77-E9E5-41C4-8135-A58CE516854B}"
EndProject
Global
	GlobalSection(SolutionConfigurationPlatforms) = preSolution
		Debug|Any CPU = Debug|Any CPU
		Release|Any CPU = Release|Any CPU
	EndGlobalSection
	GlobalSection(ProjectConfigurationPlatforms) = postSolution
		{52B81F77-E9E5-41C4-8135-A58CE516854B}.Debug|Any CPU.ActiveCfg = Debug|Any CPU
		{52B81F77-E9E5-41C4-8135-A58CE516854B}.Debug|Any CPU.Build.0 = Debug|Any CPU
		{52B81F77-E9E5-41C4-8135-A58CE516854B}.Release|Any CPU.ActiveCfg = Release|Any CPU
		{52B81F77-E9E5-41C4-8135-A58CE516854B}.Release|Any CPU.Build.0 = Release|Any CPU
	EndGlobalSection
	GlobalSection(SolutionProperties) = preSolution
		HideSolutionNode = FALSE
	EndGlobalSection
	GlobalSection(ExtensibilityGlobals) = postSolution
		SolutionGuid = {91B23DEF-8453-4DCE-B0F9-17D1AE90CB68}
	EndGlobalSection
EndGlobal
